
Microsoft Visual Studio Solution File, Format Version 12.00
# Visual Studio Version 17
VisualStudioVersion = 17.4.33213.308
MinimumVisualStudioVersion = 10.0.40219.1
Project("{2150E333-8FDC-42A3-9474-1A3956D46DE8}") = "test", "test", "{C70A7C38-8F55-4F3F-ABD4-3A9A6518F20F}"
EndProject
Project("{2150E333-8FDC-42A3-9474-1A3956D46DE8}") = "src", "src", "{C811087E-5154-4F54-9888-22196E145D2B}"
EndProject
Project("{9A19103F-16F7-4668-BE54-9A1E7A4F7556}") = "ClownFish.Web", "src\ClownFish.Web\ClownFish.Web.csproj", "{0151E882-2DE2-44BF-BCF0-B7D10B60BE62}"
EndProject
Project("{9A19103F-16F7-4668-BE54-9A1E7A4F7556}") = "ClownFish.net", "src\ClownFish.net\ClownFish.net.csproj", "{4BB5814A-83D9-4F20-9AB0-2D34054BA160}"
EndProject
Project("{9A19103F-16F7-4668-BE54-9A1E7A4F7556}") = "ClownFish.CodeGen", "src\ClownFish.CodeGen\ClownFish.CodeGen.csproj", "{3A1589DF-487B-4050-A959-D505E839B870}"
EndProject
Project("{9A19103F-16F7-4668-BE54-9A1E7A4F7556}") = "ClownFish.netfx", "src\ClownFish.netfx\ClownFish.netfx.csproj", "{FB34892A-1865-4F48-BD30-A61F80B21180}"
EndProject
Project("{9A19103F-16F7-4668-BE54-9A1E7A4F7556}") = "ClownFish.Office", "src\ClownFish.Office\ClownFish.Office.csproj", "{8CBB7380-3C72-4DEE-9ACE-CB4B645FB0F2}"
EndProject
Project("{9A19103F-16F7-4668-BE54-9A1E7A4F7556}") = "ClownFish.UnitTest", "test\ClownFish.UnitTest\ClownFish.UnitTest.csproj", "{D1862BBA-55B6-4D75-A69A-06199D4E5BBF}"
EndProject
Project("{9A19103F-16F7-4668-BE54-9A1E7A4F7556}") = "ClownFish.UnitTest2", "test\ClownFish.UnitTest2\ClownFish.UnitTest2.csproj", "{7F183D9F-D4ED-4DE2-9F1A-E8AAFE9496CD}"
EndProject
Project("{9A19103F-16F7-4668-BE54-9A1E7A4F7556}") = "ClownFish.UnitTest3", "test\ClownFish.UnitTest3\ClownFish.UnitTest3.csproj", "{7C992C0A-E883-4479-AF2E-319DB44E0E22}"
EndProject
Project("{9A19103F-16F7-4668-BE54-9A1E7A4F7556}") = "PerformanceTest", "test\PerformanceTest\PerformanceTest.csproj", "{6444BD8E-05E0-463C-8586-F3C0A9397B7D}"
EndProject
Global
	GlobalSection(SolutionConfigurationPlatforms) = preSolution
		Debug|Any CPU = Debug|Any CPU
		Release|Any CPU = Release|Any CPU
	EndGlobalSection
	GlobalSection(ProjectConfigurationPlatforms) = postSolution
		{0151E882-2DE2-44BF-BCF0-B7D10B60BE62}.Debug|Any CPU.ActiveCfg = Debug|Any CPU
		{0151E882-2DE2-44BF-BCF0-B7D10B60BE62}.Debug|Any CPU.Build.0 = Debug|Any CPU
		{0151E882-2DE2-44BF-BCF0-B7D10B60BE62}.Release|Any CPU.ActiveCfg = Release|Any CPU
		{0151E882-2DE2-44BF-BCF0-B7D10B60BE62}.Release|Any CPU.Build.0 = Release|Any CPU
		{4BB5814A-83D9-4F20-9AB0-2D34054BA160}.Debug|Any CPU.ActiveCfg = Debug|Any CPU
		{4BB5814A-83D9-4F20-9AB0-2D34054BA160}.Debug|Any CPU.Build.0 = Debug|Any CPU
		{4BB5814A-83D9-4F20-9AB0-2D34054BA160}.Release|Any CPU.ActiveCfg = Release|Any CPU
		{4BB5814A-83D9-4F20-9AB0-2D34054BA160}.Release|Any CPU.Build.0 = Release|Any CPU
		{3A1589DF-487B-4050-A959-D505E839B870}.Debug|Any CPU.ActiveCfg = Debug|Any CPU
		{3A1589DF-487B-4050-A959-D505E839B870}.Debug|Any CPU.Build.0 = Debug|Any CPU
		{3A1589DF-487B-4050-A959-D505E839B870}.Release|Any CPU.ActiveCfg = Release|Any CPU
		{3A1589DF-487B-4050-A959-D505E839B870}.Release|Any CPU.Build.0 = Release|Any CPU
		{FB34892A-1865-4F48-BD30-A61F80B21180}.Debug|Any CPU.ActiveCfg = Debug|Any CPU
		{FB34892A-1865-4F48-BD30-A61F80B21180}.Debug|Any CPU.Build.0 = Debug|Any CPU
		{FB34892A-1865-4F48-BD30-A61F80B21180}.Release|Any CPU.ActiveCfg = Release|Any CPU
		{FB34892A-1865-4F48-BD30-A61F80B21180}.Release|Any CPU.Build.0 = Release|Any CPU
		{8CBB7380-3C72-4DEE-9ACE-CB4B645FB0F2}.Debug|Any CPU.ActiveCfg = Debug|Any CPU
		{8CBB7380-3C72-4DEE-9ACE-CB4B645FB0F2}.Debug|Any CPU.Build.0 = Debug|Any CPU
		{8CBB7380-3C72-4DEE-9ACE-CB4B645FB0F2}.Release|Any CPU.ActiveCfg = Release|Any CPU
		{8CBB7380-3C72-4DEE-9ACE-CB4B645FB0F2}.Release|Any CPU.Build.0 = Release|Any CPU
		{D1862BBA-55B6-4D75-A69A-06199D4E5BBF}.Debug|Any CPU.ActiveCfg = Debug|Any CPU
		{D1862BBA-55B6-4D75-A69A-06199D4E5BBF}.Debug|Any CPU.Build.0 = Debug|Any CPU
		{D1862BBA-55B6-4D75-A69A-06199D4E5BBF}.Release|Any CPU.ActiveCfg = Release|Any CPU
		{D1862BBA-55B6-4D75-A69A-06199D4E5BBF}.Release|Any CPU.Build.0 = Release|Any CPU
		{7F183D9F-D4ED-4DE2-9F1A-E8AAFE9496CD}.Debug|Any CPU.ActiveCfg = Debug|Any CPU
		{7F183D9F-D4ED-4DE2-9F1A-E8AAFE9496CD}.Debug|Any CPU.Build.0 = Debug|Any CPU
		{7F183D9F-D4ED-4DE2-9F1A-E8AAFE9496CD}.Release|Any CPU.ActiveCfg = Release|Any CPU
		{7F183D9F-D4ED-4DE2-9F1A-E8AAFE9496CD}.Release|Any CPU.Build.0 = Release|Any CPU
		{7C992C0A-E883-4479-AF2E-319DB44E0E22}.Debug|Any CPU.ActiveCfg = Debug|Any CPU
		{7C992C0A-E883-4479-AF2E-319DB44E0E22}.Debug|Any CPU.Build.0 = Debug|Any CPU
		{7C992C0A-E883-4479-AF2E-319DB44E0E22}.Release|Any CPU.ActiveCfg = Release|Any CPU
		{7C992C0A-E883-4479-AF2E-319DB44E0E22}.Release|Any CPU.Build.0 = Release|Any CPU
		{6444BD8E-05E0-463C-8586-F3C0A9397B7D}.Debug|Any CPU.ActiveCfg = Debug|Any CPU
		{6444BD8E-05E0-463C-8586-F3C0A9397B7D}.Debug|Any CPU.Build.0 = Debug|Any CPU
		{6444BD8E-05E0-463C-8586-F3C0A9397B7D}.Release|Any CPU.ActiveCfg = Release|Any CPU
		{6444BD8E-05E0-463C-8586-F3C0A9397B7D}.Release|Any CPU.Build.0 = Release|Any CPU
	EndGlobalSection
	GlobalSection(SolutionProperties) = preSolution
		HideSolutionNode = FALSE
	EndGlobalSection
	GlobalSection(NestedProjects) = preSolution
		{0151E882-2DE2-44BF-BCF0-B7D10B60BE62} = {C811087E-5154-4F54-9888-22196E145D2B}
		{4BB5814A-83D9-4F20-9AB0-2D34054BA160} = {C811087E-5154-4F54-9888-22196E145D2B}
		{3A1589DF-487B-4050-A959-D505E839B870} = {C811087E-5154-4F54-9888-22196E145D2B}
		{FB34892A-1865-4F48-BD30-A61F80B21180} = {C811087E-5154-4F54-9888-22196E145D2B}
		{8CBB7380-3C72-4DEE-9ACE-CB4B645FB0F2} = {C811087E-5154-4F54-9888-22196E145D2B}
		{D1862BBA-55B6-4D75-A69A-06199D4E5BBF} = {C70A7C38-8F55-4F3F-ABD4-3A9A6518F20F}
		{7F183D9F-D4ED-4DE2-9F1A-E8AAFE9496CD} = {C70A7C38-8F55-4F3F-ABD4-3A9A6518F20F}
		{7C992C0A-E883-4479-AF2E-319DB44E0E22} = {C70A7C38-8F55-4F3F-ABD4-3A9A6518F20F}
		{6444BD8E-05E0-463C-8586-F3C0A9397B7D} = {C70A7C38-8F55-4F3F-ABD4-3A9A6518F20F}
	EndGlobalSection
	GlobalSection(ExtensibilityGlobals) = postSolution
		SolutionGuid = {A03DB219-9FFE-470E-9974-062E69976B29}
	EndGlobalSection
EndGlobal
