
Microsoft Visual Studio Solution File, Format Version 12.00
# Visual Studio Version 17
VisualStudioVersion = 17.4.33213.308
MinimumVisualStudioVersion = 10.0.40219.1
Project("{2150E333-8FDC-42A3-9474-1A3956D46DE8}") = "test", "test", "{C70A7C38-8F55-4F3F-ABD4-3A9A6518F20F}"
EndProject
Project("{2150E333-8FDC-42A3-9474-1A3956D46DE8}") = "src", "src", "{C811087E-5154-4F54-9888-22196E145D2B}"
EndProject
Project("{9A19103F-16F7-4668-BE54-9A1E7A4F7556}") = "ClownFish.Web", "src\ClownFish.Web\ClownFish.Web.csproj", "{0151E882-2DE2-44BF-BCF0-B7D10B60BE62}"
EndProject
Project("{9A19103F-16F7-4668-BE54-9A1E7A4F7556}") = "ClownFish.net", "src\ClownFish.net\ClownFish.net.csproj", "{4BB5814A-83D9-4F20-9AB0-2D34054BA160}"
EndProject
Project("{9A19103F-16F7-4668-BE54-9A1E7A4F7556}") = "ClownFish.CodeGen", "src\ClownFish.CodeGen\ClownFish.CodeGen.csproj", "{3A1589DF-487B-4050-A959-D505E839B870}"
EndProject
Project("{9A19103F-16F7-4668-BE54-9A1E7A4F7556}") = "ClownFish.netfx", "src\ClownFish.netfx\ClownFish.netfx.csproj", "{FB34892A-1865-4F48-BD30-A61F80B21180}"
EndProject
Project("{9A19103F-16F7-4668-BE54-9A1E7A4F7556}") = "ClownFish.Office", "src\ClownFish.Office\ClownFish.Office.csproj", "{8CBB7380-3C72-4DEE-9ACE-CB4B645FB0F2}"
EndProject
Project("{9A19103F-16F7-4668-BE54-9A1E7A4F7556}") = "ClownFish.UnitTest", "test\ClownFish.UnitTest\ClownFish.UnitTest.csproj", "{D1862BBA-55B6-4D75-A69A-06199D4E5BBF}"
EndProject
Project("{9A19103F-16F7-4668-BE54-9A1E7A4F7556}") = "PerformanceTest", "test\PerformanceTest\PerformanceTest.csproj", "{6444BD8E-05E0-463C-8586-F3C0A9397B7D}"
EndProject
Project("{E24C65DC-7377-472B-9ABA-BC803B73C61A}") = "TestWebSite1", "test\TestWebSite1\", "{7CE6AC9D-272E-4472-A66F-F1447B340620}"
	ProjectSection(WebsiteProperties) = preProject
		TargetFrameworkMoniker = ".NETFramework,Version%3Dv4.8"
		Debug.AspNetCompiler.VirtualPath = "/localhost_51778"
		Debug.AspNetCompiler.PhysicalPath = "test\TestWebSite1\"
		Debug.AspNetCompiler.TargetPath = "PrecompiledWeb\localhost_51778\"
		Debug.AspNetCompiler.Updateable = "true"
		Debug.AspNetCompiler.ForceOverwrite = "true"
		Debug.AspNetCompiler.FixedNames = "false"
		Debug.AspNetCompiler.Debug = "True"
		Release.AspNetCompiler.VirtualPath = "/localhost_51778"
		Release.AspNetCompiler.PhysicalPath = "test\TestWebSite1\"
		Release.AspNetCompiler.TargetPath = "PrecompiledWeb\localhost_51778\"
		Release.AspNetCompiler.Updateable = "true"
		Release.AspNetCompiler.ForceOverwrite = "true"
		Release.AspNetCompiler.FixedNames = "false"
		Release.AspNetCompiler.Debug = "False"
		VWDPort = "51778"
		SlnRelativePath = "test\TestWebSite1\"
	EndProjectSection
EndProject
Project("{9A19103F-16F7-4668-BE54-9A1E7A4F7556}") = "ClownFish.Tracing", "src\ClownFish.Tracing\ClownFish.Tracing.csproj", "{F91A6778-06FE-4F6D-B29E-B7D35BDF8928}"
EndProject
Project("{9A19103F-16F7-4668-BE54-9A1E7A4F7556}") = "ClownFish.Web.UnitTest", "test\ClownFish.Web.UnitTest\ClownFish.Web.UnitTest.csproj", "{994E9A5F-07C2-416F-9461-2ADAE9F58E64}"
EndProject
Project("{9A19103F-16F7-4668-BE54-9A1E7A4F7556}") = "ClownFish.Redis", "src\ClownFish.Redis\ClownFish.Redis.csproj", "{1D7393C3-8253-4EE0-9B8A-6EBE38CC2A8F}"
EndProject
Project("{9A19103F-16F7-4668-BE54-9A1E7A4F7556}") = "ClownFish.Rabbit", "src\ClownFish.Rabbit\ClownFish.Rabbit.csproj", "{176E6BD3-9644-4EB3-A08E-B488EFD68C3E}"
EndProject
Project("{9A19103F-16F7-4668-BE54-9A1E7A4F7556}") = "ClownFish.ImClients", "src\ClownFish.ImClients\ClownFish.ImClients.csproj", "{BFA44B54-6045-4BF3-B762-4D9174C20C30}"
EndProject
Project("{9A19103F-16F7-4668-BE54-9A1E7A4F7556}") = "ClownFish.Email", "src\ClownFish.Email\ClownFish.Email.csproj", "{E54EA472-53CC-455B-A478-B0177EE323AF}"
EndProject
Global
	GlobalSection(SolutionConfigurationPlatforms) = preSolution
		Debug|Any CPU = Debug|Any CPU
		Release|Any CPU = Release|Any CPU
	EndGlobalSection
	GlobalSection(ProjectConfigurationPlatforms) = postSolution
		{0151E882-2DE2-44BF-BCF0-B7D10B60BE62}.Debug|Any CPU.ActiveCfg = Debug|Any CPU
		{0151E882-2DE2-44BF-BCF0-B7D10B60BE62}.Debug|Any CPU.Build.0 = Debug|Any CPU
		{0151E882-2DE2-44BF-BCF0-B7D10B60BE62}.Release|Any CPU.ActiveCfg = Release|Any CPU
		{0151E882-2DE2-44BF-BCF0-B7D10B60BE62}.Release|Any CPU.Build.0 = Release|Any CPU
		{4BB5814A-83D9-4F20-9AB0-2D34054BA160}.Debug|Any CPU.ActiveCfg = Debug|Any CPU
		{4BB5814A-83D9-4F20-9AB0-2D34054BA160}.Debug|Any CPU.Build.0 = Debug|Any CPU
		{4BB5814A-83D9-4F20-9AB0-2D34054BA160}.Release|Any CPU.ActiveCfg = Release|Any CPU
		{4BB5814A-83D9-4F20-9AB0-2D34054BA160}.Release|Any CPU.Build.0 = Release|Any CPU
		{3A1589DF-487B-4050-A959-D505E839B870}.Debug|Any CPU.ActiveCfg = Debug|Any CPU
		{3A1589DF-487B-4050-A959-D505E839B870}.Debug|Any CPU.Build.0 = Debug|Any CPU
		{3A1589DF-487B-4050-A959-D505E839B870}.Release|Any CPU.ActiveCfg = Release|Any CPU
		{3A1589DF-487B-4050-A959-D505E839B870}.Release|Any CPU.Build.0 = Release|Any CPU
		{FB34892A-1865-4F48-BD30-A61F80B21180}.Debug|Any CPU.ActiveCfg = Debug|Any CPU
		{FB34892A-1865-4F48-BD30-A61F80B21180}.Debug|Any CPU.Build.0 = Debug|Any CPU
		{FB34892A-1865-4F48-BD30-A61F80B21180}.Release|Any CPU.ActiveCfg = Release|Any CPU
		{FB34892A-1865-4F48-BD30-A61F80B21180}.Release|Any CPU.Build.0 = Release|Any CPU
		{8CBB7380-3C72-4DEE-9ACE-CB4B645FB0F2}.Debug|Any CPU.ActiveCfg = Debug|Any CPU
		{8CBB7380-3C72-4DEE-9ACE-CB4B645FB0F2}.Debug|Any CPU.Build.0 = Debug|Any CPU
		{8CBB7380-3C72-4DEE-9ACE-CB4B645FB0F2}.Release|Any CPU.ActiveCfg = Release|Any CPU
		{8CBB7380-3C72-4DEE-9ACE-CB4B645FB0F2}.Release|Any CPU.Build.0 = Release|Any CPU
		{D1862BBA-55B6-4D75-A69A-06199D4E5BBF}.Debug|Any CPU.ActiveCfg = Debug|Any CPU
		{D1862BBA-55B6-4D75-A69A-06199D4E5BBF}.Debug|Any CPU.Build.0 = Debug|Any CPU
		{D1862BBA-55B6-4D75-A69A-06199D4E5BBF}.Release|Any CPU.ActiveCfg = Release|Any CPU
		{6444BD8E-05E0-463C-8586-F3C0A9397B7D}.Debug|Any CPU.ActiveCfg = Debug|Any CPU
		{6444BD8E-05E0-463C-8586-F3C0A9397B7D}.Debug|Any CPU.Build.0 = Debug|Any CPU
		{6444BD8E-05E0-463C-8586-F3C0A9397B7D}.Release|Any CPU.ActiveCfg = Release|Any CPU
		{7CE6AC9D-272E-4472-A66F-F1447B340620}.Debug|Any CPU.ActiveCfg = Debug|Any CPU
		{7CE6AC9D-272E-4472-A66F-F1447B340620}.Debug|Any CPU.Build.0 = Debug|Any CPU
		{7CE6AC9D-272E-4472-A66F-F1447B340620}.Release|Any CPU.ActiveCfg = Debug|Any CPU
		{F91A6778-06FE-4F6D-B29E-B7D35BDF8928}.Debug|Any CPU.ActiveCfg = Debug|Any CPU
		{F91A6778-06FE-4F6D-B29E-B7D35BDF8928}.Debug|Any CPU.Build.0 = Debug|Any CPU
		{F91A6778-06FE-4F6D-B29E-B7D35BDF8928}.Release|Any CPU.ActiveCfg = Release|Any CPU
		{F91A6778-06FE-4F6D-B29E-B7D35BDF8928}.Release|Any CPU.Build.0 = Release|Any CPU
		{994E9A5F-07C2-416F-9461-2ADAE9F58E64}.Debug|Any CPU.ActiveCfg = Debug|Any CPU
		{994E9A5F-07C2-416F-9461-2ADAE9F58E64}.Debug|Any CPU.Build.0 = Debug|Any CPU
		{994E9A5F-07C2-416F-9461-2ADAE9F58E64}.Release|Any CPU.ActiveCfg = Release|Any CPU
		{994E9A5F-07C2-416F-9461-2ADAE9F58E64}.Release|Any CPU.Build.0 = Release|Any CPU
		{1D7393C3-8253-4EE0-9B8A-6EBE38CC2A8F}.Debug|Any CPU.ActiveCfg = Debug|Any CPU
		{1D7393C3-8253-4EE0-9B8A-6EBE38CC2A8F}.Debug|Any CPU.Build.0 = Debug|Any CPU
		{1D7393C3-8253-4EE0-9B8A-6EBE38CC2A8F}.Release|Any CPU.ActiveCfg = Release|Any CPU
		{1D7393C3-8253-4EE0-9B8A-6EBE38CC2A8F}.Release|Any CPU.Build.0 = Release|Any CPU
		{176E6BD3-9644-4EB3-A08E-B488EFD68C3E}.Debug|Any CPU.ActiveCfg = Debug|Any CPU
		{176E6BD3-9644-4EB3-A08E-B488EFD68C3E}.Debug|Any CPU.Build.0 = Debug|Any CPU
		{176E6BD3-9644-4EB3-A08E-B488EFD68C3E}.Release|Any CPU.ActiveCfg = Release|Any CPU
		{176E6BD3-9644-4EB3-A08E-B488EFD68C3E}.Release|Any CPU.Build.0 = Release|Any CPU
		{BFA44B54-6045-4BF3-B762-4D9174C20C30}.Debug|Any CPU.ActiveCfg = Debug|Any CPU
		{BFA44B54-6045-4BF3-B762-4D9174C20C30}.Debug|Any CPU.Build.0 = Debug|Any CPU
		{BFA44B54-6045-4BF3-B762-4D9174C20C30}.Release|Any CPU.ActiveCfg = Release|Any CPU
		{BFA44B54-6045-4BF3-B762-4D9174C20C30}.Release|Any CPU.Build.0 = Release|Any CPU
		{E54EA472-53CC-455B-A478-B0177EE323AF}.Debug|Any CPU.ActiveCfg = Debug|Any CPU
		{E54EA472-53CC-455B-A478-B0177EE323AF}.Debug|Any CPU.Build.0 = Debug|Any CPU
		{E54EA472-53CC-455B-A478-B0177EE323AF}.Release|Any CPU.ActiveCfg = Release|Any CPU
		{E54EA472-53CC-455B-A478-B0177EE323AF}.Release|Any CPU.Build.0 = Release|Any CPU
	EndGlobalSection
	GlobalSection(SolutionProperties) = preSolution
		HideSolutionNode = FALSE
	EndGlobalSection
	GlobalSection(NestedProjects) = preSolution
		{0151E882-2DE2-44BF-BCF0-B7D10B60BE62} = {C811087E-5154-4F54-9888-22196E145D2B}
		{4BB5814A-83D9-4F20-9AB0-2D34054BA160} = {C811087E-5154-4F54-9888-22196E145D2B}
		{3A1589DF-487B-4050-A959-D505E839B870} = {C811087E-5154-4F54-9888-22196E145D2B}
		{FB34892A-1865-4F48-BD30-A61F80B21180} = {C811087E-5154-4F54-9888-22196E145D2B}
		{8CBB7380-3C72-4DEE-9ACE-CB4B645FB0F2} = {C811087E-5154-4F54-9888-22196E145D2B}
		{D1862BBA-55B6-4D75-A69A-06199D4E5BBF} = {C70A7C38-8F55-4F3F-ABD4-3A9A6518F20F}
		{6444BD8E-05E0-463C-8586-F3C0A9397B7D} = {C70A7C38-8F55-4F3F-ABD4-3A9A6518F20F}
		{7CE6AC9D-272E-4472-A66F-F1447B340620} = {C70A7C38-8F55-4F3F-ABD4-3A9A6518F20F}
		{F91A6778-06FE-4F6D-B29E-B7D35BDF8928} = {C811087E-5154-4F54-9888-22196E145D2B}
		{994E9A5F-07C2-416F-9461-2ADAE9F58E64} = {C70A7C38-8F55-4F3F-ABD4-3A9A6518F20F}
		{1D7393C3-8253-4EE0-9B8A-6EBE38CC2A8F} = {C811087E-5154-4F54-9888-22196E145D2B}
		{176E6BD3-9644-4EB3-A08E-B488EFD68C3E} = {C811087E-5154-4F54-9888-22196E145D2B}
		{BFA44B54-6045-4BF3-B762-4D9174C20C30} = {C811087E-5154-4F54-9888-22196E145D2B}
		{E54EA472-53CC-455B-A478-B0177EE323AF} = {C811087E-5154-4F54-9888-22196E145D2B}
	EndGlobalSection
	GlobalSection(ExtensibilityGlobals) = postSolution
		SolutionGuid = {A03DB219-9FFE-470E-9974-062E69976B29}
	EndGlobalSection
EndGlobal
