
Microsoft Visual Studio Solution File, Format Version 12.00
# Visual Studio 14
VisualStudioVersion = 14.0.25123.0
MinimumVisualStudioVersion = 10.0.40219.1
Project("{2150E333-8FDC-42A3-9474-1A3956D46DE8}") = "doc", "doc", "{8793939D-E536-42B0-AC80-9141A2CA2AA3}"
	ProjectSection(SolutionItems) = preProject
		doc\Readme.txt = doc\Readme.txt
		doc\版本更新日志--ClownFish.Base.txt = doc\版本更新日志--ClownFish.Base.txt
		doc\版本更新日志--ClownFish.Data.txt = doc\版本更新日志--ClownFish.Data.txt
		doc\版本更新日志--ClownFish.Web.txt = doc\版本更新日志--ClownFish.Web.txt
		doc\配置 ClownFish.Web 演示程序.docx = doc\配置 ClownFish.Web 演示程序.docx
		doc\项目说明.txt = doc\项目说明.txt
	EndProjectSection
EndProject
Project("{2150E333-8FDC-42A3-9474-1A3956D46DE8}") = "test", "test", "{C70A7C38-8F55-4F3F-ABD4-3A9A6518F20F}"
EndProject
Project("{2150E333-8FDC-42A3-9474-1A3956D46DE8}") = "demo", "demo", "{ECAA9051-BD1E-4521-9034-F70764C3F6B5}"
EndProject
Project("{2150E333-8FDC-42A3-9474-1A3956D46DE8}") = "src", "src", "{C811087E-5154-4F54-9888-22196E145D2B}"
EndProject
Project("{2150E333-8FDC-42A3-9474-1A3956D46DE8}") = "web", "web", "{FF40D7DF-26F5-4CA6-AAE4-3DC7717D1CC2}"
EndProject
Project("{FAE04EC0-301F-11D3-BF4B-00C04F79EFBC}") = "ClownFish.Web", "src\ClownFish.Web\ClownFish.Web.csproj", "{0151E882-2DE2-44BF-BCF0-B7D10B60BE62}"
EndProject
Project("{FAE04EC0-301F-11D3-BF4B-00C04F79EFBC}") = "DEMO.Common", "demo\web\DEMO.Common\DEMO.Common.csproj", "{09427D35-71F9-489B-862B-35565391CF27}"
EndProject
Project("{FAE04EC0-301F-11D3-BF4B-00C04F79EFBC}") = "DEMO.Model", "demo\web\DEMO.Model\DEMO.Model.csproj", "{34805986-B02B-4B85-BAC3-A20A65B5CFCE}"
EndProject
Project("{FAE04EC0-301F-11D3-BF4B-00C04F79EFBC}") = "DEMO.BLL", "demo\web\DEMO.BLL\DEMO.BLL.csproj", "{7D5EBB97-63BB-46EA-A53C-670862C8D6AB}"
EndProject
Project("{FAE04EC0-301F-11D3-BF4B-00C04F79EFBC}") = "DEMO.Controllers", "demo\web\DEMO.Controllers\DEMO.Controllers.csproj", "{5824A08A-C178-41C6-91D6-35DEDAE5A455}"
EndProject
Project("{FAE04EC0-301F-11D3-BF4B-00C04F79EFBC}") = "CorsClientWebSite1", "demo\web\CorsClientWebSite1\CorsClientWebSite1.csproj", "{BB0FD9FC-1B4E-4C1A-B291-48E0DFF52A65}"
EndProject
Project("{FAE04EC0-301F-11D3-BF4B-00C04F79EFBC}") = "MvcDemoWebSite1", "demo\web\MvcDemoWebSite1\MvcDemoWebSite1.csproj", "{9E66F43A-6D60-4E9D-8873-DADFD7B451E4}"
EndProject
Project("{FAE04EC0-301F-11D3-BF4B-00C04F79EFBC}") = "ReverseProxyWebSite", "demo\web\ReverseProxyWebSite\ReverseProxyWebSite.csproj", "{92E06A2A-7BF0-49BA-92B3-8A849F097571}"
EndProject
Project("{FAE04EC0-301F-11D3-BF4B-00C04F79EFBC}") = "ClownFish.MockAspnetRuntime", "src\ClownFish.MockAspnetRuntime\ClownFish.MockAspnetRuntime.csproj", "{491FF2B8-9B73-4589-9012-FD4B2CFCDAD7}"
EndProject
Project("{FAE04EC0-301F-11D3-BF4B-00C04F79EFBC}") = "ClownFish.Web.UnitTest", "test\ClownFish.Web.UnitTest\ClownFish.Web.UnitTest.csproj", "{9A520F20-6F31-4270-B9A0-B6964C8EF562}"
EndProject
Project("{FAE04EC0-301F-11D3-BF4B-00C04F79EFBC}") = "ClownFish.TestApplication1", "test\TestApplication1\ClownFish.TestApplication1.csproj", "{D3143C7C-51AF-4F42-90D0-CC75CDF57306}"
EndProject
Project("{FAE04EC0-301F-11D3-BF4B-00C04F79EFBC}") = "ClownFish.Base", "src\ClownFish.Base\ClownFish.Base.csproj", "{34A299A8-A199-4176-BACB-BC1C80814C50}"
EndProject
Project("{FAE04EC0-301F-11D3-BF4B-00C04F79EFBC}") = "ClownFish.Log", "src\ClownFish.Log\ClownFish.Log.csproj", "{24B601A9-2B97-4B9B-86B0-9046F262523E}"
EndProject
Project("{FAE04EC0-301F-11D3-BF4B-00C04F79EFBC}") = "ClownFish.Log.UnitTest", "test\ClownFish.Log.UnitTest\ClownFish.Log.UnitTest.csproj", "{DF2FB808-3647-4396-AA98-277921534BB4}"
EndProject
Project("{FAE04EC0-301F-11D3-BF4B-00C04F79EFBC}") = "ClownFish.Data", "src\ClownFish.Data\ClownFish.Data.csproj", "{BC50D47F-B55C-4D9D-B0D4-D7A63163E3FC}"
EndProject
Project("{FAE04EC0-301F-11D3-BF4B-00C04F79EFBC}") = "ClownFish.Data.ProxyGen", "src\ClownFish.Data.ProxyGen\ClownFish.Data.ProxyGen.csproj", "{9405EA9F-D523-4823-BA21-550DFE49E479}"
EndProject
Project("{FAE04EC0-301F-11D3-BF4B-00C04F79EFBC}") = "ClownFish.Data.UnitTest", "test\ClownFish.Data.UnitTest\ClownFish.Data.UnitTest.csproj", "{2138097C-6803-49BF-8315-355016B0F372}"
EndProject
Project("{FAE04EC0-301F-11D3-BF4B-00C04F79EFBC}") = "ClownFish.Data.PerformanceTest", "test\ClownFish.Data.PerformanceTest\ClownFish.Data.PerformanceTest.csproj", "{81281F80-12C8-4788-BA2F-7EC4A4155BAC}"
EndProject
Global
	GlobalSection(SolutionConfigurationPlatforms) = preSolution
		Debug|Any CPU = Debug|Any CPU
		Release|Any CPU = Release|Any CPU
	EndGlobalSection
	GlobalSection(ProjectConfigurationPlatforms) = postSolution
		{0151E882-2DE2-44BF-BCF0-B7D10B60BE62}.Debug|Any CPU.ActiveCfg = Debug|Any CPU
		{0151E882-2DE2-44BF-BCF0-B7D10B60BE62}.Debug|Any CPU.Build.0 = Debug|Any CPU
		{0151E882-2DE2-44BF-BCF0-B7D10B60BE62}.Release|Any CPU.ActiveCfg = Release|Any CPU
		{0151E882-2DE2-44BF-BCF0-B7D10B60BE62}.Release|Any CPU.Build.0 = Release|Any CPU
		{09427D35-71F9-489B-862B-35565391CF27}.Debug|Any CPU.ActiveCfg = Debug|Any CPU
		{09427D35-71F9-489B-862B-35565391CF27}.Debug|Any CPU.Build.0 = Debug|Any CPU
		{09427D35-71F9-489B-862B-35565391CF27}.Release|Any CPU.ActiveCfg = Release|Any CPU
		{09427D35-71F9-489B-862B-35565391CF27}.Release|Any CPU.Build.0 = Release|Any CPU
		{34805986-B02B-4B85-BAC3-A20A65B5CFCE}.Debug|Any CPU.ActiveCfg = Debug|Any CPU
		{34805986-B02B-4B85-BAC3-A20A65B5CFCE}.Debug|Any CPU.Build.0 = Debug|Any CPU
		{34805986-B02B-4B85-BAC3-A20A65B5CFCE}.Release|Any CPU.ActiveCfg = Release|Any CPU
		{34805986-B02B-4B85-BAC3-A20A65B5CFCE}.Release|Any CPU.Build.0 = Release|Any CPU
		{7D5EBB97-63BB-46EA-A53C-670862C8D6AB}.Debug|Any CPU.ActiveCfg = Debug|Any CPU
		{7D5EBB97-63BB-46EA-A53C-670862C8D6AB}.Debug|Any CPU.Build.0 = Debug|Any CPU
		{7D5EBB97-63BB-46EA-A53C-670862C8D6AB}.Release|Any CPU.ActiveCfg = Release|Any CPU
		{7D5EBB97-63BB-46EA-A53C-670862C8D6AB}.Release|Any CPU.Build.0 = Release|Any CPU
		{5824A08A-C178-41C6-91D6-35DEDAE5A455}.Debug|Any CPU.ActiveCfg = Debug|Any CPU
		{5824A08A-C178-41C6-91D6-35DEDAE5A455}.Debug|Any CPU.Build.0 = Debug|Any CPU
		{5824A08A-C178-41C6-91D6-35DEDAE5A455}.Release|Any CPU.ActiveCfg = Release|Any CPU
		{5824A08A-C178-41C6-91D6-35DEDAE5A455}.Release|Any CPU.Build.0 = Release|Any CPU
		{BB0FD9FC-1B4E-4C1A-B291-48E0DFF52A65}.Debug|Any CPU.ActiveCfg = Debug|Any CPU
		{BB0FD9FC-1B4E-4C1A-B291-48E0DFF52A65}.Debug|Any CPU.Build.0 = Debug|Any CPU
		{BB0FD9FC-1B4E-4C1A-B291-48E0DFF52A65}.Release|Any CPU.ActiveCfg = Release|Any CPU
		{BB0FD9FC-1B4E-4C1A-B291-48E0DFF52A65}.Release|Any CPU.Build.0 = Release|Any CPU
		{9E66F43A-6D60-4E9D-8873-DADFD7B451E4}.Debug|Any CPU.ActiveCfg = Debug|Any CPU
		{9E66F43A-6D60-4E9D-8873-DADFD7B451E4}.Debug|Any CPU.Build.0 = Debug|Any CPU
		{9E66F43A-6D60-4E9D-8873-DADFD7B451E4}.Release|Any CPU.ActiveCfg = Release|Any CPU
		{9E66F43A-6D60-4E9D-8873-DADFD7B451E4}.Release|Any CPU.Build.0 = Release|Any CPU
		{92E06A2A-7BF0-49BA-92B3-8A849F097571}.Debug|Any CPU.ActiveCfg = Debug|Any CPU
		{92E06A2A-7BF0-49BA-92B3-8A849F097571}.Debug|Any CPU.Build.0 = Debug|Any CPU
		{92E06A2A-7BF0-49BA-92B3-8A849F097571}.Release|Any CPU.ActiveCfg = Release|Any CPU
		{92E06A2A-7BF0-49BA-92B3-8A849F097571}.Release|Any CPU.Build.0 = Release|Any CPU
		{491FF2B8-9B73-4589-9012-FD4B2CFCDAD7}.Debug|Any CPU.ActiveCfg = Debug|Any CPU
		{491FF2B8-9B73-4589-9012-FD4B2CFCDAD7}.Debug|Any CPU.Build.0 = Debug|Any CPU
		{491FF2B8-9B73-4589-9012-FD4B2CFCDAD7}.Release|Any CPU.ActiveCfg = Release|Any CPU
		{491FF2B8-9B73-4589-9012-FD4B2CFCDAD7}.Release|Any CPU.Build.0 = Release|Any CPU
		{9A520F20-6F31-4270-B9A0-B6964C8EF562}.Debug|Any CPU.ActiveCfg = Debug|Any CPU
		{9A520F20-6F31-4270-B9A0-B6964C8EF562}.Debug|Any CPU.Build.0 = Debug|Any CPU
		{9A520F20-6F31-4270-B9A0-B6964C8EF562}.Release|Any CPU.ActiveCfg = Release|Any CPU
		{9A520F20-6F31-4270-B9A0-B6964C8EF562}.Release|Any CPU.Build.0 = Release|Any CPU
		{D3143C7C-51AF-4F42-90D0-CC75CDF57306}.Debug|Any CPU.ActiveCfg = Debug|Any CPU
		{D3143C7C-51AF-4F42-90D0-CC75CDF57306}.Debug|Any CPU.Build.0 = Debug|Any CPU
		{D3143C7C-51AF-4F42-90D0-CC75CDF57306}.Release|Any CPU.ActiveCfg = Release|Any CPU
		{D3143C7C-51AF-4F42-90D0-CC75CDF57306}.Release|Any CPU.Build.0 = Release|Any CPU
		{34A299A8-A199-4176-BACB-BC1C80814C50}.Debug|Any CPU.ActiveCfg = Debug|Any CPU
		{34A299A8-A199-4176-BACB-BC1C80814C50}.Debug|Any CPU.Build.0 = Debug|Any CPU
		{34A299A8-A199-4176-BACB-BC1C80814C50}.Release|Any CPU.ActiveCfg = Release|Any CPU
		{34A299A8-A199-4176-BACB-BC1C80814C50}.Release|Any CPU.Build.0 = Release|Any CPU
		{24B601A9-2B97-4B9B-86B0-9046F262523E}.Debug|Any CPU.ActiveCfg = Debug|Any CPU
		{24B601A9-2B97-4B9B-86B0-9046F262523E}.Debug|Any CPU.Build.0 = Debug|Any CPU
		{24B601A9-2B97-4B9B-86B0-9046F262523E}.Release|Any CPU.ActiveCfg = Release|Any CPU
		{24B601A9-2B97-4B9B-86B0-9046F262523E}.Release|Any CPU.Build.0 = Release|Any CPU
		{DF2FB808-3647-4396-AA98-277921534BB4}.Debug|Any CPU.ActiveCfg = Debug|Any CPU
		{DF2FB808-3647-4396-AA98-277921534BB4}.Debug|Any CPU.Build.0 = Debug|Any CPU
		{DF2FB808-3647-4396-AA98-277921534BB4}.Release|Any CPU.ActiveCfg = Release|Any CPU
		{DF2FB808-3647-4396-AA98-277921534BB4}.Release|Any CPU.Build.0 = Release|Any CPU
		{BC50D47F-B55C-4D9D-B0D4-D7A63163E3FC}.Debug|Any CPU.ActiveCfg = Debug|Any CPU
		{BC50D47F-B55C-4D9D-B0D4-D7A63163E3FC}.Debug|Any CPU.Build.0 = Debug|Any CPU
		{BC50D47F-B55C-4D9D-B0D4-D7A63163E3FC}.Release|Any CPU.ActiveCfg = Release|Any CPU
		{BC50D47F-B55C-4D9D-B0D4-D7A63163E3FC}.Release|Any CPU.Build.0 = Release|Any CPU
		{9405EA9F-D523-4823-BA21-550DFE49E479}.Debug|Any CPU.ActiveCfg = Debug|Any CPU
		{9405EA9F-D523-4823-BA21-550DFE49E479}.Debug|Any CPU.Build.0 = Debug|Any CPU
		{9405EA9F-D523-4823-BA21-550DFE49E479}.Release|Any CPU.ActiveCfg = Release|Any CPU
		{9405EA9F-D523-4823-BA21-550DFE49E479}.Release|Any CPU.Build.0 = Release|Any CPU
		{2138097C-6803-49BF-8315-355016B0F372}.Debug|Any CPU.ActiveCfg = Debug|Any CPU
		{2138097C-6803-49BF-8315-355016B0F372}.Debug|Any CPU.Build.0 = Debug|Any CPU
		{2138097C-6803-49BF-8315-355016B0F372}.Release|Any CPU.ActiveCfg = Release|Any CPU
		{2138097C-6803-49BF-8315-355016B0F372}.Release|Any CPU.Build.0 = Release|Any CPU
		{81281F80-12C8-4788-BA2F-7EC4A4155BAC}.Debug|Any CPU.ActiveCfg = Debug|Any CPU
		{81281F80-12C8-4788-BA2F-7EC4A4155BAC}.Debug|Any CPU.Build.0 = Debug|Any CPU
		{81281F80-12C8-4788-BA2F-7EC4A4155BAC}.Release|Any CPU.ActiveCfg = Release|Any CPU
		{81281F80-12C8-4788-BA2F-7EC4A4155BAC}.Release|Any CPU.Build.0 = Release|Any CPU
	EndGlobalSection
	GlobalSection(SolutionProperties) = preSolution
		HideSolutionNode = FALSE
	EndGlobalSection
	GlobalSection(NestedProjects) = preSolution
		{FF40D7DF-26F5-4CA6-AAE4-3DC7717D1CC2} = {ECAA9051-BD1E-4521-9034-F70764C3F6B5}
		{0151E882-2DE2-44BF-BCF0-B7D10B60BE62} = {C811087E-5154-4F54-9888-22196E145D2B}
		{09427D35-71F9-489B-862B-35565391CF27} = {FF40D7DF-26F5-4CA6-AAE4-3DC7717D1CC2}
		{34805986-B02B-4B85-BAC3-A20A65B5CFCE} = {FF40D7DF-26F5-4CA6-AAE4-3DC7717D1CC2}
		{7D5EBB97-63BB-46EA-A53C-670862C8D6AB} = {FF40D7DF-26F5-4CA6-AAE4-3DC7717D1CC2}
		{5824A08A-C178-41C6-91D6-35DEDAE5A455} = {FF40D7DF-26F5-4CA6-AAE4-3DC7717D1CC2}
		{BB0FD9FC-1B4E-4C1A-B291-48E0DFF52A65} = {FF40D7DF-26F5-4CA6-AAE4-3DC7717D1CC2}
		{9E66F43A-6D60-4E9D-8873-DADFD7B451E4} = {FF40D7DF-26F5-4CA6-AAE4-3DC7717D1CC2}
		{92E06A2A-7BF0-49BA-92B3-8A849F097571} = {FF40D7DF-26F5-4CA6-AAE4-3DC7717D1CC2}
		{491FF2B8-9B73-4589-9012-FD4B2CFCDAD7} = {C811087E-5154-4F54-9888-22196E145D2B}
		{9A520F20-6F31-4270-B9A0-B6964C8EF562} = {C70A7C38-8F55-4F3F-ABD4-3A9A6518F20F}
		{D3143C7C-51AF-4F42-90D0-CC75CDF57306} = {C70A7C38-8F55-4F3F-ABD4-3A9A6518F20F}
		{34A299A8-A199-4176-BACB-BC1C80814C50} = {C811087E-5154-4F54-9888-22196E145D2B}
		{24B601A9-2B97-4B9B-86B0-9046F262523E} = {C811087E-5154-4F54-9888-22196E145D2B}
		{DF2FB808-3647-4396-AA98-277921534BB4} = {C70A7C38-8F55-4F3F-ABD4-3A9A6518F20F}
		{BC50D47F-B55C-4D9D-B0D4-D7A63163E3FC} = {C811087E-5154-4F54-9888-22196E145D2B}
		{9405EA9F-D523-4823-BA21-550DFE49E479} = {C811087E-5154-4F54-9888-22196E145D2B}
		{2138097C-6803-49BF-8315-355016B0F372} = {C70A7C38-8F55-4F3F-ABD4-3A9A6518F20F}
		{81281F80-12C8-4788-BA2F-7EC4A4155BAC} = {C70A7C38-8F55-4F3F-ABD4-3A9A6518F20F}
	EndGlobalSection
EndGlobal
